// !$*UTF8*$!
{
	archiveVersion = 1;
	classes = {
	};
	objectVersion = 50;
	objects = {

/* Begin PBXBuildFile section */
		A36E01F324D0A05800106746 /* AppDelegate.swift in Sources */ = {isa = PBXBuildFile; fileRef = A36E01F224D0A05800106746 /* AppDelegate.swift */; };
		A36E01FC24D0A05A00106746 /* Assets.xcassets in Resources */ = {isa = PBXBuildFile; fileRef = A36E01FB24D0A05A00106746 /* Assets.xcassets */; };
		A36E01FF24D0A05A00106746 /* LaunchScreen.storyboard in Resources */ = {isa = PBXBuildFile; fileRef = A36E01FD24D0A05A00106746 /* LaunchScreen.storyboard */; };
		A36E020924D0A2E600106746 /* ParkingTableViewController.swift in Sources */ = {isa = PBXBuildFile; fileRef = A36E020824D0A2E600106746 /* ParkingTableViewController.swift */; };
		A36E020C24D0A33400106746 /* ParkingTableViewCell.swift in Sources */ = {isa = PBXBuildFile; fileRef = A36E020A24D0A33400106746 /* ParkingTableViewCell.swift */; };
		A36E020D24D0A33400106746 /* ParkingTableViewCell.xib in Resources */ = {isa = PBXBuildFile; fileRef = A36E020B24D0A33400106746 /* ParkingTableViewCell.xib */; };
		A36E020F24D0A4EF00106746 /* Parking.swift in Sources */ = {isa = PBXBuildFile; fileRef = A36E020E24D0A4EF00106746 /* Parking.swift */; };
		A36E021124D0A5A000106746 /* ParkingViewModel.swift in Sources */ = {isa = PBXBuildFile; fileRef = A36E021024D0A5A000106746 /* ParkingViewModel.swift */; };
		A36E021324D0A5D800106746 /* DataManager.swift in Sources */ = {isa = PBXBuildFile; fileRef = A36E021224D0A5D800106746 /* DataManager.swift */; };
		A36E021524D0AA5800106746 /* GoogleService-Info.plist in Resources */ = {isa = PBXBuildFile; fileRef = A36E021424D0AA5800106746 /* GoogleService-Info.plist */; };
		F8F8F2A361567E48AAAB7240 /* Pods_Smart_Parking.framework in Frameworks */ = {isa = PBXBuildFile; fileRef = D0886971C1D5BBE1687D0BB2 /* Pods_Smart_Parking.framework */; };
/* End PBXBuildFile section */

/* Begin PBXFileReference section */
		A36E01EF24D0A05800106746 /* Smart Parking.app */ = {isa = PBXFileReference; explicitFileType = wrapper.application; includeInIndex = 0; path = "Smart Parking.app"; sourceTree = BUILT_PRODUCTS_DIR; };
		A36E01F224D0A05800106746 /* AppDelegate.swift */ = {isa = PBXFileReference; lastKnownFileType = sourcecode.swift; path = AppDelegate.swift; sourceTree = "<group>"; };
		A36E01FB24D0A05A00106746 /* Assets.xcassets */ = {isa = PBXFileReference; lastKnownFileType = folder.assetcatalog; path = Assets.xcassets; sourceTree = "<group>"; };
		A36E01FE24D0A05A00106746 /* Base */ = {isa = PBXFileReference; lastKnownFileType = file.storyboard; name = Base; path = Base.lproj/LaunchScreen.storyboard; sourceTree = "<group>"; };
		A36E020024D0A05A00106746 /* Info.plist */ = {isa = PBXFileReference; lastKnownFileType = text.plist.xml; path = Info.plist; sourceTree = "<group>"; };
		A36E020824D0A2E600106746 /* ParkingTableViewController.swift */ = {isa = PBXFileReference; lastKnownFileType = sourcecode.swift; path = ParkingTableViewController.swift; sourceTree = "<group>"; };
		A36E020A24D0A33400106746 /* ParkingTableViewCell.swift */ = {isa = PBXFileReference; lastKnownFileType = sourcecode.swift; path = ParkingTableViewCell.swift; sourceTree = "<group>"; };
		A36E020B24D0A33400106746 /* ParkingTableViewCell.xib */ = {isa = PBXFileReference; lastKnownFileType = file.xib; path = ParkingTableViewCell.xib; sourceTree = "<group>"; };
		A36E020E24D0A4EF00106746 /* Parking.swift */ = {isa = PBXFileReference; lastKnownFileType = sourcecode.swift; path = Parking.swift; sourceTree = "<group>"; };
		A36E021024D0A5A000106746 /* ParkingViewModel.swift */ = {isa = PBXFileReference; lastKnownFileType = sourcecode.swift; path = ParkingViewModel.swift; sourceTree = "<group>"; };
		A36E021224D0A5D800106746 /* DataManager.swift */ = {isa = PBXFileReference; lastKnownFileType = sourcecode.swift; path = DataManager.swift; sourceTree = "<group>"; };
		A36E021424D0AA5800106746 /* GoogleService-Info.plist */ = {isa = PBXFileReference; fileEncoding = 4; lastKnownFileType = text.plist.xml; path = "GoogleService-Info.plist"; sourceTree = "<group>"; };
		D0886971C1D5BBE1687D0BB2 /* Pods_Smart_Parking.framework */ = {isa = PBXFileReference; explicitFileType = wrapper.framework; includeInIndex = 0; path = Pods_Smart_Parking.framework; sourceTree = BUILT_PRODUCTS_DIR; };
		D742476860376F56A66DE23B /* Pods-Smart Parking.release.xcconfig */ = {isa = PBXFileReference; includeInIndex = 1; lastKnownFileType = text.xcconfig; name = "Pods-Smart Parking.release.xcconfig"; path = "Target Support Files/Pods-Smart Parking/Pods-Smart Parking.release.xcconfig"; sourceTree = "<group>"; };
		F4E534814E325D91D7D31ABE /* Pods-Smart Parking.debug.xcconfig */ = {isa = PBXFileReference; includeInIndex = 1; lastKnownFileType = text.xcconfig; name = "Pods-Smart Parking.debug.xcconfig"; path = "Target Support Files/Pods-Smart Parking/Pods-Smart Parking.debug.xcconfig"; sourceTree = "<group>"; };
/* End PBXFileReference section */

/* Begin PBXFrameworksBuildPhase section */
		A36E01EC24D0A05800106746 /* Frameworks */ = {
			isa = PBXFrameworksBuildPhase;
			buildActionMask = 2147483647;
			files = (
				F8F8F2A361567E48AAAB7240 /* Pods_Smart_Parking.framework in Frameworks */,
			);
			runOnlyForDeploymentPostprocessing = 0;
		};
/* End PBXFrameworksBuildPhase section */

/* Begin PBXGroup section */
		477BD36B8663DD3E1CF593BD /* Frameworks */ = {
			isa = PBXGroup;
			children = (
				D0886971C1D5BBE1687D0BB2 /* Pods_Smart_Parking.framework */,
			);
			name = Frameworks;
			sourceTree = "<group>";
		};
		90849C670D312710D0795989 /* Pods */ = {
			isa = PBXGroup;
			children = (
				F4E534814E325D91D7D31ABE /* Pods-Smart Parking.debug.xcconfig */,
				D742476860376F56A66DE23B /* Pods-Smart Parking.release.xcconfig */,
			);
			name = Pods;
			path = Pods;
			sourceTree = "<group>";
		};
		A36E01E624D0A05800106746 = {
			isa = PBXGroup;
			children = (
				A36E01F124D0A05800106746 /* Smart Parking */,
				A36E01F024D0A05800106746 /* Products */,
				90849C670D312710D0795989 /* Pods */,
				477BD36B8663DD3E1CF593BD /* Frameworks */,
			);
			sourceTree = "<group>";
		};
		A36E01F024D0A05800106746 /* Products */ = {
			isa = PBXGroup;
			children = (
				A36E01EF24D0A05800106746 /* Smart Parking.app */,
			);
			name = Products;
			sourceTree = "<group>";
		};
		A36E01F124D0A05800106746 /* Smart Parking */ = {
			isa = PBXGroup;
			children = (
				A36E021424D0AA5800106746 /* GoogleService-Info.plist */,
				A36E01F224D0A05800106746 /* AppDelegate.swift */,
				A36E01FB24D0A05A00106746 /* Assets.xcassets */,
				A36E01FD24D0A05A00106746 /* LaunchScreen.storyboard */,
				A36E020024D0A05A00106746 /* Info.plist */,
				A36E020824D0A2E600106746 /* ParkingTableViewController.swift */,
				A36E020A24D0A33400106746 /* ParkingTableViewCell.swift */,
				A36E020B24D0A33400106746 /* ParkingTableViewCell.xib */,
				A36E020E24D0A4EF00106746 /* Parking.swift */,
				A36E021024D0A5A000106746 /* ParkingViewModel.swift */,
				A36E021224D0A5D800106746 /* DataManager.swift */,
			);
			path = "Smart Parking";
			sourceTree = "<group>";
		};
/* End PBXGroup section */

/* Begin PBXNativeTarget section */
		A36E01EE24D0A05800106746 /* Smart Parking */ = {
			isa = PBXNativeTarget;
			buildConfigurationList = A36E020324D0A05A00106746 /* Build configuration list for PBXNativeTarget "Smart Parking" */;
			buildPhases = (
				BAC00077D7D8FC7B563745C1 /* [CP] Check Pods Manifest.lock */,
				A36E01EB24D0A05800106746 /* Sources */,
				A36E01EC24D0A05800106746 /* Frameworks */,
				A36E01ED24D0A05800106746 /* Resources */,
				8CC71F35C8BBE3EB93D15E28 /* [CP] Embed Pods Frameworks */,
			);
			buildRules = (
			);
			dependencies = (
			);
			name = "Smart Parking";
			productName = "Smart Parking";
			productReference = A36E01EF24D0A05800106746 /* Smart Parking.app */;
			productType = "com.apple.product-type.application";
		};
/* End PBXNativeTarget section */

/* Begin PBXProject section */
		A36E01E724D0A05800106746 /* Project object */ = {
			isa = PBXProject;
			attributes = {
				LastSwiftUpdateCheck = 1120;
				LastUpgradeCheck = 1120;
				ORGANIZATIONNAME = "Ameed Sayeh";
				TargetAttributes = {
					A36E01EE24D0A05800106746 = {
						CreatedOnToolsVersion = 11.2;
					};
				};
			};
			buildConfigurationList = A36E01EA24D0A05800106746 /* Build configuration list for PBXProject "Smart Parking" */;
			compatibilityVersion = "Xcode 9.3";
			developmentRegion = en;
			hasScannedForEncodings = 0;
			knownRegions = (
				en,
				Base,
			);
			mainGroup = A36E01E624D0A05800106746;
			productRefGroup = A36E01F024D0A05800106746 /* Products */;
			projectDirPath = "";
			projectRoot = "";
			targets = (
				A36E01EE24D0A05800106746 /* Smart Parking */,
			);
		};
/* End PBXProject section */

/* Begin PBXResourcesBuildPhase section */
		A36E01ED24D0A05800106746 /* Resources */ = {
			isa = PBXResourcesBuildPhase;
			buildActionMask = 2147483647;
			files = (
				A36E020D24D0A33400106746 /* ParkingTableViewCell.xib in Resources */,
				A36E01FF24D0A05A00106746 /* LaunchScreen.storyboard in Resources */,
				A36E01FC24D0A05A00106746 /* Assets.xcassets in Resources */,
				A36E021524D0AA5800106746 /* GoogleService-Info.plist in Resources */,
			);
			runOnlyForDeploymentPostprocessing = 0;
		};
/* End PBXResourcesBuildPhase section */

/* Begin PBXShellScriptBuildPhase section */
		8CC71F35C8BBE3EB93D15E28 /* [CP] Embed Pods Frameworks */ = {
			isa = PBXShellScriptBuildPhase;
			buildActionMask = 2147483647;
			files = (
			);
			inputFileListPaths = (
				"${PODS_ROOT}/Target Support Files/Pods-Smart Parking/Pods-Smart Parking-frameworks-${CONFIGURATION}-input-files.xcfilelist",
			);
			name = "[CP] Embed Pods Frameworks";
			outputFileListPaths = (
				"${PODS_ROOT}/Target Support Files/Pods-Smart Parking/Pods-Smart Parking-frameworks-${CONFIGURATION}-output-files.xcfilelist",
			);
			runOnlyForDeploymentPostprocessing = 0;
			shellPath = /bin/sh;
			shellScript = "\"${PODS_ROOT}/Target Support Files/Pods-Smart Parking/Pods-Smart Parking-frameworks.sh\"\n";
			showEnvVarsInLog = 0;
		};
		BAC00077D7D8FC7B563745C1 /* [CP] Check Pods Manifest.lock */ = {
			isa = PBXShellScriptBuildPhase;
			buildActionMask = 2147483647;
			files = (
			);
			inputFileListPaths = (
			);
			inputPaths = (
				"${PODS_PODFILE_DIR_PATH}/Podfile.lock",
				"${PODS_ROOT}/Manifest.lock",
			);
			name = "[CP] Check Pods Manifest.lock";
			outputFileListPaths = (
			);
			outputPaths = (
				"$(DERIVED_FILE_DIR)/Pods-Smart Parking-checkManifestLockResult.txt",
			);
			runOnlyForDeploymentPostprocessing = 0;
			shellPath = /bin/sh;
			shellScript = "diff \"${PODS_PODFILE_DIR_PATH}/Podfile.lock\" \"${PODS_ROOT}/Manifest.lock\" > /dev/null\nif [ $? != 0 ] ; then\n    # print error to STDERR\n    echo \"error: The sandbox is not in sync with the Podfile.lock. Run 'pod install' or update your CocoaPods installation.\" >&2\n    exit 1\nfi\n# This output is used by Xcode 'outputs' to avoid re-running this script phase.\necho \"SUCCESS\" > \"${SCRIPT_OUTPUT_FILE_0}\"\n";
			showEnvVarsInLog = 0;
		};
/* End PBXShellScriptBuildPhase section */

/* Begin PBXSourcesBuildPhase section */
		A36E01EB24D0A05800106746 /* Sources */ = {
			isa = PBXSourcesBuildPhase;
			buildActionMask = 2147483647;
			files = (
				A36E020F24D0A4EF00106746 /* Parking.swift in Sources */,
				A36E021324D0A5D800106746 /* DataManager.swift in Sources */,
				A36E020924D0A2E600106746 /* ParkingTableViewController.swift in Sources */,
				A36E020C24D0A33400106746 /* ParkingTableViewCell.swift in Sources */,
				A36E021124D0A5A000106746 /* ParkingViewModel.swift in Sources */,
				A36E01F324D0A05800106746 /* AppDelegate.swift in Sources */,
			);
			runOnlyForDeploymentPostprocessing = 0;
		};
/* End PBXSourcesBuildPhase section */

/* Begin PBXVariantGroup section */
		A36E01FD24D0A05A00106746 /* LaunchScreen.storyboard */ = {
			isa = PBXVariantGroup;
			children = (
				A36E01FE24D0A05A00106746 /* Base */,
			);
			name = LaunchScreen.storyboard;
			sourceTree = "<group>";
		};
/* End PBXVariantGroup section */

/* Begin XCBuildConfiguration section */
		A36E020124D0A05A00106746 /* Debug */ = {
			isa = XCBuildConfiguration;
			buildSettings = {
				ALWAYS_SEARCH_USER_PATHS = NO;
				CLANG_ANALYZER_NONNULL = YES;
				CLANG_ANALYZER_NUMBER_OBJECT_CONVERSION = YES_AGGRESSIVE;
				CLANG_CXX_LANGUAGE_STANDARD = "gnu++14";
				CLANG_CXX_LIBRARY = "libc++";
				CLANG_ENABLE_MODULES = YES;
				CLANG_ENABLE_OBJC_ARC = YES;
				CLANG_ENABLE_OBJC_WEAK = YES;
				CLANG_WARN_BLOCK_CAPTURE_AUTORELEASING = YES;
				CLANG_WARN_BOOL_CONVERSION = YES;
				CLANG_WARN_COMMA = YES;
				CLANG_WARN_CONSTANT_CONVERSION = YES;
				CLANG_WARN_DEPRECATED_OBJC_IMPLEMENTATIONS = YES;
				CLANG_WARN_DIRECT_OBJC_ISA_USAGE = YES_ERROR;
				CLANG_WARN_DOCUMENTATION_COMMENTS = YES;
				CLANG_WARN_EMPTY_BODY = YES;
				CLANG_WARN_ENUM_CONVERSION = YES;
				CLANG_WARN_INFINITE_RECURSION = YES;
				CLANG_WARN_INT_CONVERSION = YES;
				CLANG_WARN_NON_LITERAL_NULL_CONVERSION = YES;
				CLANG_WARN_OBJC_IMPLICIT_RETAIN_SELF = YES;
				CLANG_WARN_OBJC_LITERAL_CONVERSION = YES;
				CLANG_WARN_OBJC_ROOT_CLASS = YES_ERROR;
				CLANG_WARN_RANGE_LOOP_ANALYSIS = YES;
				CLANG_WARN_STRICT_PROTOTYPES = YES;
				CLANG_WARN_SUSPICIOUS_MOVE = YES;
				CLANG_WARN_UNGUARDED_AVAILABILITY = YES_AGGRESSIVE;
				CLANG_WARN_UNREACHABLE_CODE = YES;
				CLANG_WARN__DUPLICATE_METHOD_MATCH = YES;
				COPY_PHASE_STRIP = NO;
				DEBUG_INFORMATION_FORMAT = dwarf;
				ENABLE_STRICT_OBJC_MSGSEND = YES;
				ENABLE_TESTABILITY = YES;
				GCC_C_LANGUAGE_STANDARD = gnu11;
				GCC_DYNAMIC_NO_PIC = NO;
				GCC_NO_COMMON_BLOCKS = YES;
				GCC_OPTIMIZATION_LEVEL = 0;
				GCC_PREPROCESSOR_DEFINITIONS = (
					"DEBUG=1",
					"$(inherited)",
				);
				GCC_WARN_64_TO_32_BIT_CONVERSION = YES;
				GCC_WARN_ABOUT_RETURN_TYPE = YES_ERROR;
				GCC_WARN_UNDECLARED_SELECTOR = YES;
				GCC_WARN_UNINITIALIZED_AUTOS = YES_AGGRESSIVE;
				GCC_WARN_UNUSED_FUNCTION = YES;
				GCC_WARN_UNUSED_VARIABLE = YES;
				IPHONEOS_DEPLOYMENT_TARGET = 13.2;
				MTL_ENABLE_DEBUG_INFO = INCLUDE_SOURCE;
				MTL_FAST_MATH = YES;
				ONLY_ACTIVE_ARCH = YES;
				SDKROOT = iphoneos;
				SWIFT_ACTIVE_COMPILATION_CONDITIONS = DEBUG;
				SWIFT_OPTIMIZATION_LEVEL = "-Onone";
			};
			name = Debug;
		};
		A36E020224D0A05A00106746 /* Release */ = {
			isa = XCBuildConfiguration;
			buildSettings = {
				ALWAYS_SEARCH_USER_PATHS = NO;
				CLANG_ANALYZER_NONNULL = YES;
				CLANG_ANALYZER_NUMBER_OBJECT_CONVERSION = YES_AGGRESSIVE;
				CLANG_CXX_LANGUAGE_STANDARD = "gnu++14";
				CLANG_CXX_LIBRARY = "libc++";
				CLANG_ENABLE_MODULES = YES;
				CLANG_ENABLE_OBJC_ARC = YES;
				CLANG_ENABLE_OBJC_WEAK = YES;
				CLANG_WARN_BLOCK_CAPTURE_AUTORELEASING = YES;
				CLANG_WARN_BOOL_CONVERSION = YES;
				CLANG_WARN_COMMA = YES;
				CLANG_WARN_CONSTANT_CONVERSION = YES;
				CLANG_WARN_DEPRECATED_OBJC_IMPLEMENTATIONS = YES;
				CLANG_WARN_DIRECT_OBJC_ISA_USAGE = YES_ERROR;
				CLANG_WARN_DOCUMENTATION_COMMENTS = YES;
				CLANG_WARN_EMPTY_BODY = YES;
				CLANG_WARN_ENUM_CONVERSION = YES;
				CLANG_WARN_INFINITE_RECURSION = YES;
				CLANG_WARN_INT_CONVERSION = YES;
				CLANG_WARN_NON_LITERAL_NULL_CONVERSION = YES;
				CLANG_WARN_OBJC_IMPLICIT_RETAIN_SELF = YES;
				CLANG_WARN_OBJC_LITERAL_CONVERSION = YES;
				CLANG_WARN_OBJC_ROOT_CLASS = YES_ERROR;
				CLANG_WARN_RANGE_LOOP_ANALYSIS = YES;
				CLANG_WARN_STRICT_PROTOTYPES = YES;
				CLANG_WARN_SUSPICIOUS_MOVE = YES;
				CLANG_WARN_UNGUARDED_AVAILABILITY = YES_AGGRESSIVE;
				CLANG_WARN_UNREACHABLE_CODE = YES;
				CLANG_WARN__DUPLICATE_METHOD_MATCH = YES;
				COPY_PHASE_STRIP = NO;
				DEBUG_INFORMATION_FORMAT = "dwarf-with-dsym";
				ENABLE_NS_ASSERTIONS = NO;
				ENABLE_STRICT_OBJC_MSGSEND = YES;
				GCC_C_LANGUAGE_STANDARD = gnu11;
				GCC_NO_COMMON_BLOCKS = YES;
				GCC_WARN_64_TO_32_BIT_CONVERSION = YES;
				GCC_WARN_ABOUT_RETURN_TYPE = YES_ERROR;
				GCC_WARN_UNDECLARED_SELECTOR = YES;
				GCC_WARN_UNINITIALIZED_AUTOS = YES_AGGRESSIVE;
				GCC_WARN_UNUSED_FUNCTION = YES;
				GCC_WARN_UNUSED_VARIABLE = YES;
				IPHONEOS_DEPLOYMENT_TARGET = 13.2;
				MTL_ENABLE_DEBUG_INFO = NO;
				MTL_FAST_MATH = YES;
				SDKROOT = iphoneos;
				SWIFT_COMPILATION_MODE = wholemodule;
				SWIFT_OPTIMIZATION_LEVEL = "-O";
				VALIDATE_PRODUCT = YES;
			};
			name = Release;
		};
		A36E020424D0A05A00106746 /* Debug */ = {
			isa = XCBuildConfiguration;
			baseConfigurationReference = F4E534814E325D91D7D31ABE /* Pods-Smart Parking.debug.xcconfig */;
			buildSettings = {
				ASSETCATALOG_COMPILER_APPICON_NAME = AppIcon;
				CODE_SIGN_STYLE = Automatic;
				DEVELOPMENT_TEAM = 8ZMU9U4BUZ;
				INFOPLIST_FILE = "Smart Parking/Info.plist";
				IPHONEOS_DEPLOYMENT_TARGET = 11.0;
				LD_RUNPATH_SEARCH_PATHS = (
					"$(inherited)",
					"@executable_path/Frameworks",
				);
				PRODUCT_BUNDLE_IDENTIFIER = com.ameedsayeh.smartParking;
				PRODUCT_NAME = "$(TARGET_NAME)";
				SWIFT_VERSION = 5.0;
				TARGETED_DEVICE_FAMILY = "1,2";
			};
			name = Debug;
		};
		A36E020524D0A05A00106746 /* Release */ = {
			isa = XCBuildConfiguration;
			baseConfigurationReference = D742476860376F56A66DE23B /* Pods-Smart Parking.release.xcconfig */;
			buildSettings = {
				ASSETCATALOG_COMPILER_APPICON_NAME = AppIcon;
				CODE_SIGN_STYLE = Automatic;
				DEVELOPMENT_TEAM = 8ZMU9U4BUZ;
				INFOPLIST_FILE = "Smart Parking/Info.plist";
				IPHONEOS_DEPLOYMENT_TARGET = 11.0;
				LD_RUNPATH_SEARCH_PATHS = (
					"$(inherited)",
					"@executable_path/Frameworks",
				);
				PRODUCT_BUNDLE_IDENTIFIER = com.ameedsayeh.smartParking;
				PRODUCT_NAME = "$(TARGET_NAME)";
				SWIFT_VERSION = 5.0;
				TARGETED_DEVICE_FAMILY = "1,2";
			};
			name = Release;
		};
/* End XCBuildConfiguration section */

/* Begin XCConfigurationList section */
		A36E01EA24D0A05800106746 /* Build configuration list for PBXProject "Smart Parking" */ = {
			isa = XCConfigurationList;
			buildConfigurations = (
				A36E020124D0A05A00106746 /* Debug */,
				A36E020224D0A05A00106746 /* Release */,
			);
			defaultConfigurationIsVisible = 0;
			defaultConfigurationName = Release;
		};
		A36E020324D0A05A00106746 /* Build configuration list for PBXNativeTarget "Smart Parking" */ = {
			isa = XCConfigurationList;
			buildConfigurations = (
				A36E020424D0A05A00106746 /* Debug */,
				A36E020524D0A05A00106746 /* Release */,
			);
			defaultConfigurationIsVisible = 0;
			defaultConfigurationName = Release;
		};
/* End XCConfigurationList section */
	};
	rootObject = A36E01E724D0A05800106746 /* Project object */;
}
